// !$*UTF8*$!
{
	archiveVersion = 1;
	classes = {
	};
	objectVersion = 46;
	objects = {

/* Begin PBXBuildFile section */
		530586941CED5A2F00D7D8E6 /* main.m in Sources */ = {isa = PBXBuildFile; fileRef = 530586931CED5A2F00D7D8E6 /* main.m */; };
		530586971CED5A2F00D7D8E6 /* AppDelegate.m in Sources */ = {isa = PBXBuildFile; fileRef = 530586961CED5A2F00D7D8E6 /* AppDelegate.m */; };
		5305869D1CED5A2F00D7D8E6 /* Main.storyboard in Resources */ = {isa = PBXBuildFile; fileRef = 5305869B1CED5A2F00D7D8E6 /* Main.storyboard */; };
		530586A01CED5A2F00D7D8E6 /* IOSAPPFramework.xcdatamodeld in Sources */ = {isa = PBXBuildFile; fileRef = 5305869E1CED5A2F00D7D8E6 /* IOSAPPFramework.xcdatamodeld */; };
		530586A21CED5A2F00D7D8E6 /* Assets.xcassets in Resources */ = {isa = PBXBuildFile; fileRef = 530586A11CED5A2F00D7D8E6 /* Assets.xcassets */; };
		530586A51CED5A2F00D7D8E6 /* LaunchScreen.storyboard in Resources */ = {isa = PBXBuildFile; fileRef = 530586A31CED5A2F00D7D8E6 /* LaunchScreen.storyboard */; };
		530586CB1CF5A31100D7D8E6 /* RootViewController.m in Sources */ = {isa = PBXBuildFile; fileRef = 530586CA1CF5A31100D7D8E6 /* RootViewController.m */; };
		530586CE1CF5A34000D7D8E6 /* RootTableViewController.m in Sources */ = {isa = PBXBuildFile; fileRef = 530586CD1CF5A34000D7D8E6 /* RootTableViewController.m */; };
		530586D21CF5A44500D7D8E6 /* RootPlainTableViewAdaptor.m in Sources */ = {isa = PBXBuildFile; fileRef = 530586D11CF5A44500D7D8E6 /* RootPlainTableViewAdaptor.m */; };
		530586D71CF688C800D7D8E6 /* RootTableViewCell.m in Sources */ = {isa = PBXBuildFile; fileRef = 530586D61CF688C800D7D8E6 /* RootTableViewCell.m */; };
		530586E51CF6D25F00D7D8E6 /* CellRootDataModel.m in Sources */ = {isa = PBXBuildFile; fileRef = 530586E41CF6D25F00D7D8E6 /* CellRootDataModel.m */; };
		530586EF1CF6D48300D7D8E6 /* ViewController.m in Sources */ = {isa = PBXBuildFile; fileRef = 530586EA1CF6D48300D7D8E6 /* ViewController.m */; };
		530586F01CF6D48300D7D8E6 /* textCell.m in Sources */ = {isa = PBXBuildFile; fileRef = 530586EE1CF6D48300D7D8E6 /* textCell.m */; };
		530586F31CF6D69F00D7D8E6 /* viewControllerCellModel.m in Sources */ = {isa = PBXBuildFile; fileRef = 530586F21CF6D69F00D7D8E6 /* viewControllerCellModel.m */; };
		533943AD1D1BCA9100C79C77 /* UIView+Frame.m in Sources */ = {isa = PBXBuildFile; fileRef = 533943AC1D1BCA9100C79C77 /* UIView+Frame.m */; };
		533943B01D1BD71300C79C77 /* UIWebView+NSURLCache.m in Sources */ = {isa = PBXBuildFile; fileRef = 533943AF1D1BD71300C79C77 /* UIWebView+NSURLCache.m */; };
		5344DAEA1D06DC96001E424E /* NavigationViewURLHandle.m in Sources */ = {isa = PBXBuildFile; fileRef = 5344DAE21D06DC96001E424E /* NavigationViewURLHandle.m */; };
		5344DAEB1D06DC96001E424E /* OtherURLHandle.m in Sources */ = {isa = PBXBuildFile; fileRef = 5344DAE31D06DC96001E424E /* OtherURLHandle.m */; };
		5344DAED1D06DC96001E424E /* RootBaseNavigator.m in Sources */ = {isa = PBXBuildFile; fileRef = 5344DAE61D06DC96001E424E /* RootBaseNavigator.m */; };
		5344DAF11D06DD53001E424E /* ViewMap.plist in Resources */ = {isa = PBXBuildFile; fileRef = 5344DAF01D06DD53001E424E /* ViewMap.plist */; };
		5344DAF51D07A9D0001E424E /* RootWebViewController.m in Sources */ = {isa = PBXBuildFile; fileRef = 5344DAF41D07A9D0001E424E /* RootWebViewController.m */; };
		5344DAF81D07AFD9001E424E /* RootURLBaseHandle.m in Sources */ = {isa = PBXBuildFile; fileRef = 5344DAF71D07AFD9001E424E /* RootURLBaseHandle.m */; };
		5344DAFD1D07BC4F001E424E /* AbstractExpression.m in Sources */ = {isa = PBXBuildFile; fileRef = 5344DAFC1D07BC4F001E424E /* AbstractExpression.m */; };
		5344DB031D07BE6A001E424E /* AbstractContext.m in Sources */ = {isa = PBXBuildFile; fileRef = 5344DB021D07BE6A001E424E /* AbstractContext.m */; };
		5344DB0A1D07EFD2001E424E /* ViewModel.m in Sources */ = {isa = PBXBuildFile; fileRef = 5344DB091D07EFD2001E424E /* ViewModel.m */; };
		53DD64221CFC62CF006B41AD /* NSArray+Category.m in Sources */ = {isa = PBXBuildFile; fileRef = 53DD64191CFC62CF006B41AD /* NSArray+Category.m */; };
		53DD64231CFC62CF006B41AD /* NSDictionary+Category.m in Sources */ = {isa = PBXBuildFile; fileRef = 53DD641C1CFC62CF006B41AD /* NSDictionary+Category.m */; };
		53DD64241CFC62CF006B41AD /* NSMutableDictionary+Category.m in Sources */ = {isa = PBXBuildFile; fileRef = 53DD641E1CFC62CF006B41AD /* NSMutableDictionary+Category.m */; };
		53DD64251CFC62CF006B41AD /* NSObject+Category.m in Sources */ = {isa = PBXBuildFile; fileRef = 53DD64211CFC62CF006B41AD /* NSObject+Category.m */; };
		53DD64281CFC6349006B41AD /* NSMutableArray+Category.m in Sources */ = {isa = PBXBuildFile; fileRef = 53DD64271CFC6349006B41AD /* NSMutableArray+Category.m */; };
		53DD642C1CFD1D1B006B41AD /* NSString+Category.m in Sources */ = {isa = PBXBuildFile; fileRef = 53DD642B1CFD1D1B006B41AD /* NSString+Category.m */; };
		53DD64361CFD746D006B41AD /* NSDateFormatter+Category.m in Sources */ = {isa = PBXBuildFile; fileRef = 53DD64351CFD746D006B41AD /* NSDateFormatter+Category.m */; };
		53DD64391CFD7AF5006B41AD /* NSDate+Category.m in Sources */ = {isa = PBXBuildFile; fileRef = 53DD64381CFD7AF5006B41AD /* NSDate+Category.m */; };
		53DD646C1CFEC5AD006B41AD /* UIViewController+Keyboard.m in Sources */ = {isa = PBXBuildFile; fileRef = 53DD646B1CFEC5AD006B41AD /* UIViewController+Keyboard.m */; };
		53DD64711CFEC5D6006B41AD /* Base64.m in Sources */ = {isa = PBXBuildFile; fileRef = 53DD64701CFEC5D6006B41AD /* Base64.m */; };
		53DD64801CFFE377006B41AD /* RootAlertView.m in Sources */ = {isa = PBXBuildFile; fileRef = 53DD647F1CFFE377006B41AD /* RootAlertView.m */; };
		53DD64851CFFE4C0006B41AD /* RootTabBarController.m in Sources */ = {isa = PBXBuildFile; fileRef = 53DD64841CFFE4C0006B41AD /* RootTabBarController.m */; };
		53DD64881D003990006B41AD /* RootNavigationController.m in Sources */ = {isa = PBXBuildFile; fileRef = 53DD64871D003990006B41AD /* RootNavigationController.m */; };
/* End PBXBuildFile section */

/* Begin PBXFileReference section */
		5305868F1CED5A2F00D7D8E6 /* IOSAPPFramework.app */ = {isa = PBXFileReference; explicitFileType = wrapper.application; includeInIndex = 0; path = IOSAPPFramework.app; sourceTree = BUILT_PRODUCTS_DIR; };
		530586931CED5A2F00D7D8E6 /* main.m */ = {isa = PBXFileReference; lastKnownFileType = sourcecode.c.objc; path = main.m; sourceTree = "<group>"; };
		530586951CED5A2F00D7D8E6 /* AppDelegate.h */ = {isa = PBXFileReference; lastKnownFileType = sourcecode.c.h; path = AppDelegate.h; sourceTree = "<group>"; };
		530586961CED5A2F00D7D8E6 /* AppDelegate.m */ = {isa = PBXFileReference; lastKnownFileType = sourcecode.c.objc; path = AppDelegate.m; sourceTree = "<group>"; };
		5305869C1CED5A2F00D7D8E6 /* Base */ = {isa = PBXFileReference; lastKnownFileType = file.storyboard; name = Base; path = Base.lproj/Main.storyboard; sourceTree = "<group>"; };
		5305869F1CED5A2F00D7D8E6 /* IOSAPPFramework.xcdatamodel */ = {isa = PBXFileReference; lastKnownFileType = wrapper.xcdatamodel; path = IOSAPPFramework.xcdatamodel; sourceTree = "<group>"; };
		530586A11CED5A2F00D7D8E6 /* Assets.xcassets */ = {isa = PBXFileReference; lastKnownFileType = folder.assetcatalog; path = Assets.xcassets; sourceTree = "<group>"; };
		530586A41CED5A2F00D7D8E6 /* Base */ = {isa = PBXFileReference; lastKnownFileType = file.storyboard; name = Base; path = Base.lproj/LaunchScreen.storyboard; sourceTree = "<group>"; };
		530586A61CED5A2F00D7D8E6 /* Info.plist */ = {isa = PBXFileReference; lastKnownFileType = text.plist.xml; path = Info.plist; sourceTree = "<group>"; };
		530586C91CF5A31100D7D8E6 /* RootViewController.h */ = {isa = PBXFileReference; fileEncoding = 4; lastKnownFileType = sourcecode.c.h; path = RootViewController.h; sourceTree = "<group>"; };
		530586CA1CF5A31100D7D8E6 /* RootViewController.m */ = {isa = PBXFileReference; fileEncoding = 4; lastKnownFileType = sourcecode.c.objc; path = RootViewController.m; sourceTree = "<group>"; };
		530586CC1CF5A34000D7D8E6 /* RootTableViewController.h */ = {isa = PBXFileReference; fileEncoding = 4; lastKnownFileType = sourcecode.c.h; path = RootTableViewController.h; sourceTree = "<group>"; };
		530586CD1CF5A34000D7D8E6 /* RootTableViewController.m */ = {isa = PBXFileReference; fileEncoding = 4; lastKnownFileType = sourcecode.c.objc; path = RootTableViewController.m; sourceTree = "<group>"; };
		530586D01CF5A44500D7D8E6 /* RootPlainTableViewAdaptor.h */ = {isa = PBXFileReference; fileEncoding = 4; lastKnownFileType = sourcecode.c.h; path = RootPlainTableViewAdaptor.h; sourceTree = "<group>"; };
		530586D11CF5A44500D7D8E6 /* RootPlainTableViewAdaptor.m */ = {isa = PBXFileReference; fileEncoding = 4; lastKnownFileType = sourcecode.c.objc; path = RootPlainTableViewAdaptor.m; sourceTree = "<group>"; };
		530586D31CF5A58500D7D8E6 /* RootTableViewAdaptorItemBaseProtocol.h */ = {isa = PBXFileReference; fileEncoding = 4; lastKnownFileType = sourcecode.c.h; path = RootTableViewAdaptorItemBaseProtocol.h; sourceTree = "<group>"; };
		530586D51CF688C800D7D8E6 /* RootTableViewCell.h */ = {isa = PBXFileReference; fileEncoding = 4; lastKnownFileType = sourcecode.c.h; path = RootTableViewCell.h; sourceTree = "<group>"; };
		530586D61CF688C800D7D8E6 /* RootTableViewCell.m */ = {isa = PBXFileReference; fileEncoding = 4; lastKnownFileType = sourcecode.c.objc; path = RootTableViewCell.m; sourceTree = "<group>"; };
		530586E31CF6D25F00D7D8E6 /* CellRootDataModel.h */ = {isa = PBXFileReference; fileEncoding = 4; lastKnownFileType = sourcecode.c.h; path = CellRootDataModel.h; sourceTree = "<group>"; };
		530586E41CF6D25F00D7D8E6 /* CellRootDataModel.m */ = {isa = PBXFileReference; fileEncoding = 4; lastKnownFileType = sourcecode.c.objc; path = CellRootDataModel.m; sourceTree = "<group>"; };
		530586E91CF6D48300D7D8E6 /* ViewController.h */ = {isa = PBXFileReference; fileEncoding = 4; lastKnownFileType = sourcecode.c.h; path = ViewController.h; sourceTree = "<group>"; };
		530586EA1CF6D48300D7D8E6 /* ViewController.m */ = {isa = PBXFileReference; fileEncoding = 4; lastKnownFileType = sourcecode.c.objc; path = ViewController.m; sourceTree = "<group>"; };
		530586ED1CF6D48300D7D8E6 /* textCell.h */ = {isa = PBXFileReference; fileEncoding = 4; lastKnownFileType = sourcecode.c.h; path = textCell.h; sourceTree = "<group>"; };
		530586EE1CF6D48300D7D8E6 /* textCell.m */ = {isa = PBXFileReference; fileEncoding = 4; lastKnownFileType = sourcecode.c.objc; path = textCell.m; sourceTree = "<group>"; };
		530586F11CF6D69F00D7D8E6 /* viewControllerCellModel.h */ = {isa = PBXFileReference; fileEncoding = 4; lastKnownFileType = sourcecode.c.h; path = viewControllerCellModel.h; sourceTree = "<group>"; };
		530586F21CF6D69F00D7D8E6 /* viewControllerCellModel.m */ = {isa = PBXFileReference; fileEncoding = 4; lastKnownFileType = sourcecode.c.objc; path = viewControllerCellModel.m; sourceTree = "<group>"; };
		533943AB1D1BCA9100C79C77 /* UIView+Frame.h */ = {isa = PBXFileReference; fileEncoding = 4; lastKnownFileType = sourcecode.c.h; path = "UIView+Frame.h"; sourceTree = "<group>"; };
		533943AC1D1BCA9100C79C77 /* UIView+Frame.m */ = {isa = PBXFileReference; fileEncoding = 4; lastKnownFileType = sourcecode.c.objc; path = "UIView+Frame.m"; sourceTree = "<group>"; };
		533943AE1D1BD71300C79C77 /* UIWebView+NSURLCache.h */ = {isa = PBXFileReference; fileEncoding = 4; lastKnownFileType = sourcecode.c.h; path = "UIWebView+NSURLCache.h"; sourceTree = "<group>"; };
		533943AF1D1BD71300C79C77 /* UIWebView+NSURLCache.m */ = {isa = PBXFileReference; fileEncoding = 4; lastKnownFileType = sourcecode.c.objc; path = "UIWebView+NSURLCache.m"; sourceTree = "<group>"; };
		5344DADD1D06DC96001E424E /* RootBaseNavigator.h */ = {isa = PBXFileReference; fileEncoding = 4; lastKnownFileType = sourcecode.c.h; path = RootBaseNavigator.h; sourceTree = "<group>"; };
		5344DADF1D06DC96001E424E /* OtherURLHandle.h */ = {isa = PBXFileReference; fileEncoding = 4; lastKnownFileType = sourcecode.c.h; path = OtherURLHandle.h; sourceTree = "<group>"; };
		5344DAE01D06DC96001E424E /* NavigationViewURLHandle.h */ = {isa = PBXFileReference; fileEncoding = 4; lastKnownFileType = sourcecode.c.h; path = NavigationViewURLHandle.h; sourceTree = "<group>"; };
		5344DAE21D06DC96001E424E /* NavigationViewURLHandle.m */ = {isa = PBXFileReference; fileEncoding = 4; lastKnownFileType = sourcecode.c.objc; path = NavigationViewURLHandle.m; sourceTree = "<group>"; };
		5344DAE31D06DC96001E424E /* OtherURLHandle.m */ = {isa = PBXFileReference; fileEncoding = 4; lastKnownFileType = sourcecode.c.objc; path = OtherURLHandle.m; sourceTree = "<group>"; };
		5344DAE61D06DC96001E424E /* RootBaseNavigator.m */ = {isa = PBXFileReference; fileEncoding = 4; lastKnownFileType = sourcecode.c.objc; path = RootBaseNavigator.m; sourceTree = "<group>"; };
		5344DAEF1D06DD53001E424E /* ViewMap.h */ = {isa = PBXFileReference; fileEncoding = 4; lastKnownFileType = sourcecode.c.h; path = ViewMap.h; sourceTree = "<group>"; };
		5344DAF01D06DD53001E424E /* ViewMap.plist */ = {isa = PBXFileReference; fileEncoding = 4; lastKnownFileType = text.plist.xml; path = ViewMap.plist; sourceTree = "<group>"; };
		5344DAF31D07A9D0001E424E /* RootWebViewController.h */ = {isa = PBXFileReference; fileEncoding = 4; lastKnownFileType = sourcecode.c.h; path = RootWebViewController.h; sourceTree = "<group>"; };
		5344DAF41D07A9D0001E424E /* RootWebViewController.m */ = {isa = PBXFileReference; fileEncoding = 4; lastKnownFileType = sourcecode.c.objc; path = RootWebViewController.m; sourceTree = "<group>"; };
		5344DAF61D07AFD9001E424E /* RootURLBaseHandle.h */ = {isa = PBXFileReference; fileEncoding = 4; lastKnownFileType = sourcecode.c.h; path = RootURLBaseHandle.h; sourceTree = "<group>"; };
		5344DAF71D07AFD9001E424E /* RootURLBaseHandle.m */ = {isa = PBXFileReference; fileEncoding = 4; lastKnownFileType = sourcecode.c.objc; path = RootURLBaseHandle.m; sourceTree = "<group>"; };
		5344DAFB1D07BC4F001E424E /* AbstractExpression.h */ = {isa = PBXFileReference; fileEncoding = 4; lastKnownFileType = sourcecode.c.h; path = AbstractExpression.h; sourceTree = "<group>"; };
		5344DAFC1D07BC4F001E424E /* AbstractExpression.m */ = {isa = PBXFileReference; fileEncoding = 4; lastKnownFileType = sourcecode.c.objc; path = AbstractExpression.m; sourceTree = "<group>"; };
		5344DB011D07BE6A001E424E /* AbstractContext.h */ = {isa = PBXFileReference; fileEncoding = 4; lastKnownFileType = sourcecode.c.h; path = AbstractContext.h; sourceTree = "<group>"; };
		5344DB021D07BE6A001E424E /* AbstractContext.m */ = {isa = PBXFileReference; fileEncoding = 4; lastKnownFileType = sourcecode.c.objc; path = AbstractContext.m; sourceTree = "<group>"; };
		5344DB081D07EFD2001E424E /* ViewModel.h */ = {isa = PBXFileReference; fileEncoding = 4; lastKnownFileType = sourcecode.c.h; path = ViewModel.h; sourceTree = "<group>"; };
		5344DB091D07EFD2001E424E /* ViewModel.m */ = {isa = PBXFileReference; fileEncoding = 4; lastKnownFileType = sourcecode.c.objc; path = ViewModel.m; sourceTree = "<group>"; };
		53DD64131CFC465A006B41AD /* IOSAPPFramework.pch */ = {isa = PBXFileReference; fileEncoding = 4; lastKnownFileType = sourcecode.c.h; path = IOSAPPFramework.pch; sourceTree = "<group>"; };
		53DD64181CFC62CF006B41AD /* NSArray+Category.h */ = {isa = PBXFileReference; fileEncoding = 4; lastKnownFileType = sourcecode.c.h; path = "NSArray+Category.h"; sourceTree = "<group>"; };
		53DD64191CFC62CF006B41AD /* NSArray+Category.m */ = {isa = PBXFileReference; fileEncoding = 4; lastKnownFileType = sourcecode.c.objc; path = "NSArray+Category.m"; sourceTree = "<group>"; };
		53DD641B1CFC62CF006B41AD /* NSDictionary+Category.h */ = {isa = PBXFileReference; fileEncoding = 4; lastKnownFileType = sourcecode.c.h; path = "NSDictionary+Category.h"; sourceTree = "<group>"; };
		53DD641C1CFC62CF006B41AD /* NSDictionary+Category.m */ = {isa = PBXFileReference; fileEncoding = 4; lastKnownFileType = sourcecode.c.objc; path = "NSDictionary+Category.m"; sourceTree = "<group>"; };
		53DD641D1CFC62CF006B41AD /* NSMutableDictionary+Category.h */ = {isa = PBXFileReference; fileEncoding = 4; lastKnownFileType = sourcecode.c.h; path = "NSMutableDictionary+Category.h"; sourceTree = "<group>"; };
		53DD641E1CFC62CF006B41AD /* NSMutableDictionary+Category.m */ = {isa = PBXFileReference; fileEncoding = 4; lastKnownFileType = sourcecode.c.objc; path = "NSMutableDictionary+Category.m"; sourceTree = "<group>"; };
		53DD64201CFC62CF006B41AD /* NSObject+Category.h */ = {isa = PBXFileReference; fileEncoding = 4; lastKnownFileType = sourcecode.c.h; path = "NSObject+Category.h"; sourceTree = "<group>"; };
		53DD64211CFC62CF006B41AD /* NSObject+Category.m */ = {isa = PBXFileReference; fileEncoding = 4; lastKnownFileType = sourcecode.c.objc; path = "NSObject+Category.m"; sourceTree = "<group>"; };
		53DD64261CFC6349006B41AD /* NSMutableArray+Category.h */ = {isa = PBXFileReference; fileEncoding = 4; lastKnownFileType = sourcecode.c.h; path = "NSMutableArray+Category.h"; sourceTree = "<group>"; };
		53DD64271CFC6349006B41AD /* NSMutableArray+Category.m */ = {isa = PBXFileReference; fileEncoding = 4; lastKnownFileType = sourcecode.c.objc; path = "NSMutableArray+Category.m"; sourceTree = "<group>"; };
		53DD642A1CFD1D1B006B41AD /* NSString+Category.h */ = {isa = PBXFileReference; fileEncoding = 4; lastKnownFileType = sourcecode.c.h; path = "NSString+Category.h"; sourceTree = "<group>"; };
		53DD642B1CFD1D1B006B41AD /* NSString+Category.m */ = {isa = PBXFileReference; fileEncoding = 4; lastKnownFileType = sourcecode.c.objc; path = "NSString+Category.m"; sourceTree = "<group>"; };
		53DD64341CFD746D006B41AD /* NSDateFormatter+Category.h */ = {isa = PBXFileReference; fileEncoding = 4; lastKnownFileType = sourcecode.c.h; path = "NSDateFormatter+Category.h"; sourceTree = "<group>"; };
		53DD64351CFD746D006B41AD /* NSDateFormatter+Category.m */ = {isa = PBXFileReference; fileEncoding = 4; lastKnownFileType = sourcecode.c.objc; path = "NSDateFormatter+Category.m"; sourceTree = "<group>"; };
		53DD64371CFD7AF5006B41AD /* NSDate+Category.h */ = {isa = PBXFileReference; fileEncoding = 4; lastKnownFileType = sourcecode.c.h; path = "NSDate+Category.h"; sourceTree = "<group>"; };
		53DD64381CFD7AF5006B41AD /* NSDate+Category.m */ = {isa = PBXFileReference; fileEncoding = 4; lastKnownFileType = sourcecode.c.objc; path = "NSDate+Category.m"; sourceTree = "<group>"; };
		53DD646A1CFEC5AD006B41AD /* UIViewController+Keyboard.h */ = {isa = PBXFileReference; fileEncoding = 4; lastKnownFileType = sourcecode.c.h; path = "UIViewController+Keyboard.h"; sourceTree = "<group>"; };
		53DD646B1CFEC5AD006B41AD /* UIViewController+Keyboard.m */ = {isa = PBXFileReference; fileEncoding = 4; lastKnownFileType = sourcecode.c.objc; path = "UIViewController+Keyboard.m"; sourceTree = "<group>"; };
		53DD646F1CFEC5D6006B41AD /* Base64.h */ = {isa = PBXFileReference; fileEncoding = 4; lastKnownFileType = sourcecode.c.h; path = Base64.h; sourceTree = "<group>"; };
		53DD64701CFEC5D6006B41AD /* Base64.m */ = {isa = PBXFileReference; fileEncoding = 4; lastKnownFileType = sourcecode.c.objc; path = Base64.m; sourceTree = "<group>"; };
		53DD647D1CFFE377006B41AD /* RootAlertProtocol.h */ = {isa = PBXFileReference; fileEncoding = 4; lastKnownFileType = sourcecode.c.h; path = RootAlertProtocol.h; sourceTree = "<group>"; };
		53DD647E1CFFE377006B41AD /* RootAlertView.h */ = {isa = PBXFileReference; fileEncoding = 4; lastKnownFileType = sourcecode.c.h; path = RootAlertView.h; sourceTree = "<group>"; };
		53DD647F1CFFE377006B41AD /* RootAlertView.m */ = {isa = PBXFileReference; fileEncoding = 4; lastKnownFileType = sourcecode.c.objc; path = RootAlertView.m; sourceTree = "<group>"; };
		53DD64831CFFE4C0006B41AD /* RootTabBarController.h */ = {isa = PBXFileReference; fileEncoding = 4; lastKnownFileType = sourcecode.c.h; path = RootTabBarController.h; sourceTree = "<group>"; };
		53DD64841CFFE4C0006B41AD /* RootTabBarController.m */ = {isa = PBXFileReference; fileEncoding = 4; lastKnownFileType = sourcecode.c.objc; path = RootTabBarController.m; sourceTree = "<group>"; };
		53DD64861D003990006B41AD /* RootNavigationController.h */ = {isa = PBXFileReference; fileEncoding = 4; lastKnownFileType = sourcecode.c.h; path = RootNavigationController.h; sourceTree = "<group>"; };
		53DD64871D003990006B41AD /* RootNavigationController.m */ = {isa = PBXFileReference; fileEncoding = 4; lastKnownFileType = sourcecode.c.objc; path = RootNavigationController.m; sourceTree = "<group>"; };
/* End PBXFileReference section */

/* Begin PBXFrameworksBuildPhase section */
		5305868C1CED5A2F00D7D8E6 /* Frameworks */ = {
			isa = PBXFrameworksBuildPhase;
			buildActionMask = 2147483647;
			files = (
			);
			runOnlyForDeploymentPostprocessing = 0;
		};
/* End PBXFrameworksBuildPhase section */

/* Begin PBXGroup section */
		530586861CED5A2F00D7D8E6 = {
			isa = PBXGroup;
			children = (
				530586911CED5A2F00D7D8E6 /* IOSAPPFramework */,
				530586901CED5A2F00D7D8E6 /* Products */,
			);
			sourceTree = "<group>";
		};
		530586901CED5A2F00D7D8E6 /* Products */ = {
			isa = PBXGroup;
			children = (
				5305868F1CED5A2F00D7D8E6 /* IOSAPPFramework.app */,
			);
			name = Products;
			sourceTree = "<group>";
		};
		530586911CED5A2F00D7D8E6 /* IOSAPPFramework */ = {
			isa = PBXGroup;
			children = (
				530586951CED5A2F00D7D8E6 /* AppDelegate.h */,
				530586961CED5A2F00D7D8E6 /* AppDelegate.m */,
				5305869B1CED5A2F00D7D8E6 /* Main.storyboard */,
				530586A11CED5A2F00D7D8E6 /* Assets.xcassets */,
				530586A31CED5A2F00D7D8E6 /* LaunchScreen.storyboard */,
				530586A61CED5A2F00D7D8E6 /* Info.plist */,
				5305869E1CED5A2F00D7D8E6 /* IOSAPPFramework.xcdatamodeld */,
				530586E71CF6D48300D7D8E6 /* demo */,
				530586C51CF5A21C00D7D8E6 /* Classes */,
				530586B21CED5D8B00D7D8E6 /* config */,
				530586921CED5A2F00D7D8E6 /* Supporting Files */,
			);
			path = IOSAPPFramework;
			sourceTree = "<group>";
		};
		530586921CED5A2F00D7D8E6 /* Supporting Files */ = {
			isa = PBXGroup;
			children = (
				530586931CED5A2F00D7D8E6 /* main.m */,
			);
			name = "Supporting Files";
			sourceTree = "<group>";
		};
		530586B21CED5D8B00D7D8E6 /* config */ = {
			isa = PBXGroup;
			children = (
				53DD64131CFC465A006B41AD /* IOSAPPFramework.pch */,
			);
			path = config;
			sourceTree = "<group>";
		};
		530586C51CF5A21C00D7D8E6 /* Classes */ = {
			isa = PBXGroup;
			children = (
				53DCDE231CFB3F0D0015BA78 /* Swizzing */,
				53DCDE1F1CFB34CC0015BA78 /* Category */,
				530586C61CF5A21C00D7D8E6 /* Common */,
			);
			path = Classes;
			sourceTree = "<group>";
		};
		530586C61CF5A21C00D7D8E6 /* Common */ = {
			isa = PBXGroup;
			children = (
				5344DB071D07EFC1001E424E /* Model */,
				5344DAFA1D07BC27001E424E /* 解释器 */,
				5344DAF21D07A9AC001E424E /* WebView */,
				5344DAEE1D06DD53001E424E /* ViewMap */,
				53DD64821CFFE3D6006B41AD /* Navgation */,
				53DD64811CFFE3BE006B41AD /* tabbar */,
				53DD647C1CFFE377006B41AD /* RootAlert */,
				53DD646D1CFEC5D6006B41AD /* Thirdparty */,
				530586E21CF6D23E00D7D8E6 /* cellDataModel */,
				530586CF1CF5A3D500D7D8E6 /* tableViewAdaptor */,
				530586C81CF5A2D300D7D8E6 /* root */,
				530586D41CF6885600D7D8E6 /* tableviewCell */,
				530586C71CF5A21C00D7D8E6 /* tableview */,
			);
			path = Common;
			sourceTree = "<group>";
		};
		530586C71CF5A21C00D7D8E6 /* tableview */ = {
			isa = PBXGroup;
			children = (
				530586CC1CF5A34000D7D8E6 /* RootTableViewController.h */,
				530586CD1CF5A34000D7D8E6 /* RootTableViewController.m */,
			);
			path = tableview;
			sourceTree = "<group>";
		};
		530586C81CF5A2D300D7D8E6 /* root */ = {
			isa = PBXGroup;
			children = (
				53DD64691CFEC5AD006B41AD /* ViewControllerCategory */,
				530586C91CF5A31100D7D8E6 /* RootViewController.h */,
				530586CA1CF5A31100D7D8E6 /* RootViewController.m */,
			);
			path = root;
			sourceTree = "<group>";
		};
		530586CF1CF5A3D500D7D8E6 /* tableViewAdaptor */ = {
			isa = PBXGroup;
			children = (
				530586D01CF5A44500D7D8E6 /* RootPlainTableViewAdaptor.h */,
				530586D11CF5A44500D7D8E6 /* RootPlainTableViewAdaptor.m */,
				530586D31CF5A58500D7D8E6 /* RootTableViewAdaptorItemBaseProtocol.h */,
			);
			name = tableViewAdaptor;
			path = tableview/tableViewAdaptor;
			sourceTree = "<group>";
		};
		530586D41CF6885600D7D8E6 /* tableviewCell */ = {
			isa = PBXGroup;
			children = (
				530586D51CF688C800D7D8E6 /* RootTableViewCell.h */,
				530586D61CF688C800D7D8E6 /* RootTableViewCell.m */,
			);
			name = tableviewCell;
			path = tableview/tableviewCell;
			sourceTree = "<group>";
		};
		530586E21CF6D23E00D7D8E6 /* cellDataModel */ = {
			isa = PBXGroup;
			children = (
				530586E31CF6D25F00D7D8E6 /* CellRootDataModel.h */,
				530586E41CF6D25F00D7D8E6 /* CellRootDataModel.m */,
			);
			path = cellDataModel;
			sourceTree = "<group>";
		};
		530586E71CF6D48300D7D8E6 /* demo */ = {
			isa = PBXGroup;
			children = (
				530586E81CF6D48300D7D8E6 /* controller */,
				530586EB1CF6D48300D7D8E6 /* model */,
				530586EC1CF6D48300D7D8E6 /* view */,
			);
			path = demo;
			sourceTree = "<group>";
		};
		530586E81CF6D48300D7D8E6 /* controller */ = {
			isa = PBXGroup;
			children = (
				530586E91CF6D48300D7D8E6 /* ViewController.h */,
				530586EA1CF6D48300D7D8E6 /* ViewController.m */,
			);
			path = controller;
			sourceTree = "<group>";
		};
		530586EB1CF6D48300D7D8E6 /* model */ = {
			isa = PBXGroup;
			children = (
				530586F11CF6D69F00D7D8E6 /* viewControllerCellModel.h */,
				530586F21CF6D69F00D7D8E6 /* viewControllerCellModel.m */,
			);
			path = model;
			sourceTree = "<group>";
		};
		530586EC1CF6D48300D7D8E6 /* view */ = {
			isa = PBXGroup;
			children = (
				530586ED1CF6D48300D7D8E6 /* textCell.h */,
				530586EE1CF6D48300D7D8E6 /* textCell.m */,
			);
			path = view;
			sourceTree = "<group>";
		};
		533943AA1D1BCA6E00C79C77 /* UIView */ = {
			isa = PBXGroup;
			children = (
				533943AB1D1BCA9100C79C77 /* UIView+Frame.h */,
				533943AC1D1BCA9100C79C77 /* UIView+Frame.m */,
			);
			path = UIView;
			sourceTree = "<group>";
		};
		533943B11D1CE27500C79C77 /* NSCache */ = {
			isa = PBXGroup;
			children = (
			);
			path = NSCache;
			sourceTree = "<group>";
		};
		5344DAEE1D06DD53001E424E /* ViewMap */ = {
			isa = PBXGroup;
			children = (
				5344DAEF1D06DD53001E424E /* ViewMap.h */,
				5344DAF01D06DD53001E424E /* ViewMap.plist */,
			);
			path = ViewMap;
			sourceTree = "<group>";
		};
		5344DAF21D07A9AC001E424E /* WebView */ = {
			isa = PBXGroup;
			children = (
				5344DAF31D07A9D0001E424E /* RootWebViewController.h */,
				5344DAF41D07A9D0001E424E /* RootWebViewController.m */,
				533943AE1D1BD71300C79C77 /* UIWebView+NSURLCache.h */,
				533943AF1D1BD71300C79C77 /* UIWebView+NSURLCache.m */,
			);
			path = WebView;
			sourceTree = "<group>";
		};
		5344DAFA1D07BC27001E424E /* 解释器 */ = {
			isa = PBXGroup;
			children = (
				5344DAFB1D07BC4F001E424E /* AbstractExpression.h */,
				5344DAFC1D07BC4F001E424E /* AbstractExpression.m */,
				5344DB011D07BE6A001E424E /* AbstractContext.h */,
				5344DB021D07BE6A001E424E /* AbstractContext.m */,
			);
			path = "解释器";
			sourceTree = "<group>";
		};
		5344DB071D07EFC1001E424E /* Model */ = {
			isa = PBXGroup;
			children = (
				5344DB081D07EFD2001E424E /* ViewModel.h */,
				5344DB091D07EFD2001E424E /* ViewModel.m */,
			);
			path = Model;
			sourceTree = "<group>";
		};
		53DCDE1F1CFB34CC0015BA78 /* Category */ = {
			isa = PBXGroup;
			children = (
				533943B11D1CE27500C79C77 /* NSCache */,
				533943AA1D1BCA6E00C79C77 /* UIView */,
				53DD64321CFD742C006B41AD /* NSDate */,
				53DD64331CFD742C006B41AD /* NSDateFormatter */,
				53DD64291CFD1CEA006B41AD /* NSString */,
				53DD64171CFC62CF006B41AD /* NSArray */,
				53DD641A1CFC62CF006B41AD /* NSDictionary */,
				53DD641F1CFC62CF006B41AD /* NSObject */,
			);
			path = Category;
			sourceTree = "<group>";
		};
		53DCDE231CFB3F0D0015BA78 /* Swizzing */ = {
			isa = PBXGroup;
			children = (
			);
			path = Swizzing;
			sourceTree = "<group>";
		};
		53DD64171CFC62CF006B41AD /* NSArray */ = {
			isa = PBXGroup;
			children = (
				53DD64181CFC62CF006B41AD /* NSArray+Category.h */,
				53DD64191CFC62CF006B41AD /* NSArray+Category.m */,
				53DD64261CFC6349006B41AD /* NSMutableArray+Category.h */,
				53DD64271CFC6349006B41AD /* NSMutableArray+Category.m */,
			);
			path = NSArray;
			sourceTree = "<group>";
		};
		53DD641A1CFC62CF006B41AD /* NSDictionary */ = {
			isa = PBXGroup;
			children = (
				53DD641B1CFC62CF006B41AD /* NSDictionary+Category.h */,
				53DD641C1CFC62CF006B41AD /* NSDictionary+Category.m */,
				53DD641D1CFC62CF006B41AD /* NSMutableDictionary+Category.h */,
				53DD641E1CFC62CF006B41AD /* NSMutableDictionary+Category.m */,
			);
			path = NSDictionary;
			sourceTree = "<group>";
		};
		53DD641F1CFC62CF006B41AD /* NSObject */ = {
			isa = PBXGroup;
			children = (
				53DD64201CFC62CF006B41AD /* NSObject+Category.h */,
				53DD64211CFC62CF006B41AD /* NSObject+Category.m */,
			);
			path = NSObject;
			sourceTree = "<group>";
		};
		53DD64291CFD1CEA006B41AD /* NSString */ = {
			isa = PBXGroup;
			children = (
				53DD642A1CFD1D1B006B41AD /* NSString+Category.h */,
				53DD642B1CFD1D1B006B41AD /* NSString+Category.m */,
			);
			path = NSString;
			sourceTree = "<group>";
		};
		53DD64321CFD742C006B41AD /* NSDate */ = {
			isa = PBXGroup;
			children = (
				53DD64371CFD7AF5006B41AD /* NSDate+Category.h */,
				53DD64381CFD7AF5006B41AD /* NSDate+Category.m */,
			);
			path = NSDate;
			sourceTree = "<group>";
		};
		53DD64331CFD742C006B41AD /* NSDateFormatter */ = {
			isa = PBXGroup;
			children = (
				53DD64341CFD746D006B41AD /* NSDateFormatter+Category.h */,
				53DD64351CFD746D006B41AD /* NSDateFormatter+Category.m */,
			);
			path = NSDateFormatter;
			sourceTree = "<group>";
		};
		53DD64691CFEC5AD006B41AD /* ViewControllerCategory */ = {
			isa = PBXGroup;
			children = (
				53DD646A1CFEC5AD006B41AD /* UIViewController+Keyboard.h */,
				53DD646B1CFEC5AD006B41AD /* UIViewController+Keyboard.m */,
			);
			path = ViewControllerCategory;
			sourceTree = "<group>";
		};
		53DD646D1CFEC5D6006B41AD /* Thirdparty */ = {
			isa = PBXGroup;
			children = (
				53DD646E1CFEC5D6006B41AD /* Base64 */,
			);
			path = Thirdparty;
			sourceTree = "<group>";
		};
		53DD646E1CFEC5D6006B41AD /* Base64 */ = {
			isa = PBXGroup;
			children = (
				53DD646F1CFEC5D6006B41AD /* Base64.h */,
				53DD64701CFEC5D6006B41AD /* Base64.m */,
			);
			path = Base64;
			sourceTree = "<group>";
		};
		53DD647C1CFFE377006B41AD /* RootAlert */ = {
			isa = PBXGroup;
			children = (
				53DD647D1CFFE377006B41AD /* RootAlertProtocol.h */,
				53DD647E1CFFE377006B41AD /* RootAlertView.h */,
				53DD647F1CFFE377006B41AD /* RootAlertView.m */,
			);
			path = RootAlert;
			sourceTree = "<group>";
		};
		53DD64811CFFE3BE006B41AD /* tabbar */ = {
			isa = PBXGroup;
			children = (
				53DD64831CFFE4C0006B41AD /* RootTabBarController.h */,
				53DD64841CFFE4C0006B41AD /* RootTabBarController.m */,
			);
			path = tabbar;
			sourceTree = "<group>";
		};
		53DD64821CFFE3D6006B41AD /* Navgation */ = {
			isa = PBXGroup;
			children = (
				53DD64861D003990006B41AD /* RootNavigationController.h */,
				53DD64871D003990006B41AD /* RootNavigationController.m */,
				5344DADD1D06DC96001E424E /* RootBaseNavigator.h */,
				5344DAE61D06DC96001E424E /* RootBaseNavigator.m */,
				5344DAF61D07AFD9001E424E /* RootURLBaseHandle.h */,
				5344DAF71D07AFD9001E424E /* RootURLBaseHandle.m */,
				5344DAE01D06DC96001E424E /* NavigationViewURLHandle.h */,
				5344DAE21D06DC96001E424E /* NavigationViewURLHandle.m */,
				5344DADF1D06DC96001E424E /* OtherURLHandle.h */,
				5344DAE31D06DC96001E424E /* OtherURLHandle.m */,
			);
			path = Navgation;
			sourceTree = "<group>";
		};
/* End PBXGroup section */

/* Begin PBXNativeTarget section */
		5305868E1CED5A2F00D7D8E6 /* IOSAPPFramework */ = {
			isa = PBXNativeTarget;
			buildConfigurationList = 530586A91CED5A2F00D7D8E6 /* Build configuration list for PBXNativeTarget "IOSAPPFramework" */;
			buildPhases = (
				5305868B1CED5A2F00D7D8E6 /* Sources */,
				5305868C1CED5A2F00D7D8E6 /* Frameworks */,
				5305868D1CED5A2F00D7D8E6 /* Resources */,
			);
			buildRules = (
			);
			dependencies = (
			);
			name = IOSAPPFramework;
			productName = IOSAPPFramework;
			productReference = 5305868F1CED5A2F00D7D8E6 /* IOSAPPFramework.app */;
			productType = "com.apple.product-type.application";
		};
/* End PBXNativeTarget section */

/* Begin PBXProject section */
		530586871CED5A2F00D7D8E6 /* Project object */ = {
			isa = PBXProject;
			attributes = {
				LastUpgradeCheck = 0730;
				ORGANIZATIONNAME = "吴华林(平安好房技术中心产品研发部IOS研发团队)";
				TargetAttributes = {
					5305868E1CED5A2F00D7D8E6 = {
						CreatedOnToolsVersion = 7.3.1;
						DevelopmentTeam = HCYKV2FDDX;
					};
				};
			};
			buildConfigurationList = 5305868A1CED5A2F00D7D8E6 /* Build configuration list for PBXProject "IOSAPPFramework" */;
			compatibilityVersion = "Xcode 3.2";
			developmentRegion = English;
			hasScannedForEncodings = 0;
			knownRegions = (
				en,
				Base,
			);
			mainGroup = 530586861CED5A2F00D7D8E6;
			productRefGroup = 530586901CED5A2F00D7D8E6 /* Products */;
			projectDirPath = "";
			projectRoot = "";
			targets = (
				5305868E1CED5A2F00D7D8E6 /* IOSAPPFramework */,
			);
		};
/* End PBXProject section */

/* Begin PBXResourcesBuildPhase section */
		5305868D1CED5A2F00D7D8E6 /* Resources */ = {
			isa = PBXResourcesBuildPhase;
			buildActionMask = 2147483647;
			files = (
				5344DAF11D06DD53001E424E /* ViewMap.plist in Resources */,
				530586A51CED5A2F00D7D8E6 /* LaunchScreen.storyboard in Resources */,
				530586A21CED5A2F00D7D8E6 /* Assets.xcassets in Resources */,
				5305869D1CED5A2F00D7D8E6 /* Main.storyboard in Resources */,
			);
			runOnlyForDeploymentPostprocessing = 0;
		};
/* End PBXResourcesBuildPhase section */

/* Begin PBXSourcesBuildPhase section */
		5305868B1CED5A2F00D7D8E6 /* Sources */ = {
			isa = PBXSourcesBuildPhase;
			buildActionMask = 2147483647;
			files = (
				530586971CED5A2F00D7D8E6 /* AppDelegate.m in Sources */,
				53DD646C1CFEC5AD006B41AD /* UIViewController+Keyboard.m in Sources */,
				5344DAEB1D06DC96001E424E /* OtherURLHandle.m in Sources */,
				530586D71CF688C800D7D8E6 /* RootTableViewCell.m in Sources */,
				530586CB1CF5A31100D7D8E6 /* RootViewController.m in Sources */,
				53DD64241CFC62CF006B41AD /* NSMutableDictionary+Category.m in Sources */,
				5344DAEA1D06DC96001E424E /* NavigationViewURLHandle.m in Sources */,
				530586D21CF5A44500D7D8E6 /* RootPlainTableViewAdaptor.m in Sources */,
				530586EF1CF6D48300D7D8E6 /* ViewController.m in Sources */,
				5344DAF51D07A9D0001E424E /* RootWebViewController.m in Sources */,
				530586F01CF6D48300D7D8E6 /* textCell.m in Sources */,
				53DD64711CFEC5D6006B41AD /* Base64.m in Sources */,
				53DD64251CFC62CF006B41AD /* NSObject+Category.m in Sources */,
				53DD64391CFD7AF5006B41AD /* NSDate+Category.m in Sources */,
				533943AD1D1BCA9100C79C77 /* UIView+Frame.m in Sources */,
				53DD64281CFC6349006B41AD /* NSMutableArray+Category.m in Sources */,
				5344DAF81D07AFD9001E424E /* RootURLBaseHandle.m in Sources */,
				53DD64361CFD746D006B41AD /* NSDateFormatter+Category.m in Sources */,
				53DD642C1CFD1D1B006B41AD /* NSString+Category.m in Sources */,
				5344DAFD1D07BC4F001E424E /* AbstractExpression.m in Sources */,
				5344DB031D07BE6A001E424E /* AbstractContext.m in Sources */,
				53DD64221CFC62CF006B41AD /* NSArray+Category.m in Sources */,
				530586A01CED5A2F00D7D8E6 /* IOSAPPFramework.xcdatamodeld in Sources */,
				53DD64231CFC62CF006B41AD /* NSDictionary+Category.m in Sources */,
				530586E51CF6D25F00D7D8E6 /* CellRootDataModel.m in Sources */,
				530586CE1CF5A34000D7D8E6 /* RootTableViewController.m in Sources */,
				5344DAED1D06DC96001E424E /* RootBaseNavigator.m in Sources */,
				533943B01D1BD71300C79C77 /* UIWebView+NSURLCache.m in Sources */,
				5344DB0A1D07EFD2001E424E /* ViewModel.m in Sources */,
				530586941CED5A2F00D7D8E6 /* main.m in Sources */,
				53DD64851CFFE4C0006B41AD /* RootTabBarController.m in Sources */,
				53DD64801CFFE377006B41AD /* RootAlertView.m in Sources */,
				53DD64881D003990006B41AD /* RootNavigationController.m in Sources */,
				530586F31CF6D69F00D7D8E6 /* viewControllerCellModel.m in Sources */,
			);
			runOnlyForDeploymentPostprocessing = 0;
		};
/* End PBXSourcesBuildPhase section */

/* Begin PBXVariantGroup section */
		5305869B1CED5A2F00D7D8E6 /* Main.storyboard */ = {
			isa = PBXVariantGroup;
			children = (
				5305869C1CED5A2F00D7D8E6 /* Base */,
			);
			name = Main.storyboard;
			sourceTree = "<group>";
		};
		530586A31CED5A2F00D7D8E6 /* LaunchScreen.storyboard */ = {
			isa = PBXVariantGroup;
			children = (
				530586A41CED5A2F00D7D8E6 /* Base */,
			);
			name = LaunchScreen.storyboard;
			sourceTree = "<group>";
		};
/* End PBXVariantGroup section */

/* Begin XCBuildConfiguration section */
		530586A71CED5A2F00D7D8E6 /* Debug */ = {
			isa = XCBuildConfiguration;
			buildSettings = {
				ALWAYS_SEARCH_USER_PATHS = NO;
				CLANG_ANALYZER_NONNULL = YES;
				CLANG_CXX_LANGUAGE_STANDARD = "gnu++0x";
				CLANG_CXX_LIBRARY = "libc++";
				CLANG_ENABLE_MODULES = YES;
				CLANG_ENABLE_OBJC_ARC = YES;
				CLANG_WARN_BOOL_CONVERSION = YES;
				CLANG_WARN_CONSTANT_CONVERSION = YES;
				CLANG_WARN_DIRECT_OBJC_ISA_USAGE = YES_ERROR;
				CLANG_WARN_EMPTY_BODY = YES;
				CLANG_WARN_ENUM_CONVERSION = YES;
				CLANG_WARN_INT_CONVERSION = YES;
				CLANG_WARN_OBJC_ROOT_CLASS = YES_ERROR;
				CLANG_WARN_UNREACHABLE_CODE = YES;
				CLANG_WARN__DUPLICATE_METHOD_MATCH = YES;
				"CODE_SIGN_IDENTITY[sdk=iphoneos*]" = "iPhone Developer";
				COPY_PHASE_STRIP = NO;
				DEBUG_INFORMATION_FORMAT = dwarf;
				ENABLE_STRICT_OBJC_MSGSEND = YES;
				ENABLE_TESTABILITY = YES;
				GCC_C_LANGUAGE_STANDARD = gnu99;
				GCC_DYNAMIC_NO_PIC = NO;
				GCC_NO_COMMON_BLOCKS = YES;
				GCC_OPTIMIZATION_LEVEL = 0;
				GCC_PREFIX_HEADER = "/Users/wuhualin093/Desktop/工作/项目/华仔的IOS框架架构/IOSAPPFramework/IOSAPPFramework/config/IOSAPPFramework.pch";
				GCC_PREPROCESSOR_DEFINITIONS = (
					"DEBUG=1",
					"$(inherited)",
				);
				GCC_WARN_64_TO_32_BIT_CONVERSION = YES;
				GCC_WARN_ABOUT_RETURN_TYPE = YES_ERROR;
				GCC_WARN_UNDECLARED_SELECTOR = YES;
				GCC_WARN_UNINITIALIZED_AUTOS = YES_AGGRESSIVE;
				GCC_WARN_UNUSED_FUNCTION = YES;
				GCC_WARN_UNUSED_VARIABLE = YES;
				IPHONEOS_DEPLOYMENT_TARGET = 9.3;
				MTL_ENABLE_DEBUG_INFO = YES;
				ONLY_ACTIVE_ARCH = YES;
				SDKROOT = iphoneos;
				TARGETED_DEVICE_FAMILY = "1,2";
			};
			name = Debug;
		};
		530586A81CED5A2F00D7D8E6 /* Release */ = {
			isa = XCBuildConfiguration;
			buildSettings = {
				ALWAYS_SEARCH_USER_PATHS = NO;
				CLANG_ANALYZER_NONNULL = YES;
				CLANG_CXX_LANGUAGE_STANDARD = "gnu++0x";
				CLANG_CXX_LIBRARY = "libc++";
				CLANG_ENABLE_MODULES = YES;
				CLANG_ENABLE_OBJC_ARC = YES;
				CLANG_WARN_BOOL_CONVERSION = YES;
				CLANG_WARN_CONSTANT_CONVERSION = YES;
				CLANG_WARN_DIRECT_OBJC_ISA_USAGE = YES_ERROR;
				CLANG_WARN_EMPTY_BODY = YES;
				CLANG_WARN_ENUM_CONVERSION = YES;
				CLANG_WARN_INT_CONVERSION = YES;
				CLANG_WARN_OBJC_ROOT_CLASS = YES_ERROR;
				CLANG_WARN_UNREACHABLE_CODE = YES;
				CLANG_WARN__DUPLICATE_METHOD_MATCH = YES;
				"CODE_SIGN_IDENTITY[sdk=iphoneos*]" = "iPhone Developer";
				COPY_PHASE_STRIP = NO;
				DEBUG_INFORMATION_FORMAT = "dwarf-with-dsym";
				ENABLE_NS_ASSERTIONS = NO;
				ENABLE_STRICT_OBJC_MSGSEND = YES;
				GCC_C_LANGUAGE_STANDARD = gnu99;
				GCC_NO_COMMON_BLOCKS = YES;
				GCC_PREFIX_HEADER = "/Users/wuhualin093/Desktop/工作/项目/华仔的IOS框架架构/IOSAPPFramework/IOSAPPFramework/config/IOSAPPFramework.pch";
				GCC_WARN_64_TO_32_BIT_CONVERSION = YES;
				GCC_WARN_ABOUT_RETURN_TYPE = YES_ERROR;
				GCC_WARN_UNDECLARED_SELECTOR = YES;
				GCC_WARN_UNINITIALIZED_AUTOS = YES_AGGRESSIVE;
				GCC_WARN_UNUSED_FUNCTION = YES;
				GCC_WARN_UNUSED_VARIABLE = YES;
				IPHONEOS_DEPLOYMENT_TARGET = 9.3;
				MTL_ENABLE_DEBUG_INFO = NO;
				SDKROOT = iphoneos;
				TARGETED_DEVICE_FAMILY = "1,2";
				VALIDATE_PRODUCT = YES;
			};
			name = Release;
		};
		530586AA1CED5A2F00D7D8E6 /* Debug */ = {
			isa = XCBuildConfiguration;
			buildSettings = {
				ASSETCATALOG_COMPILER_APPICON_NAME = AppIcon;
				CODE_SIGN_IDENTITY = "iPhone Developer";
				"CODE_SIGN_IDENTITY[sdk=iphoneos*]" = "iPhone Developer";
				GCC_PREFIX_HEADER = "$(SRCROOT)/IOSAPPFramework/config/IOSAPPFramework.pch";
				INFOPLIST_FILE = IOSAPPFramework/Info.plist;
				IPHONEOS_DEPLOYMENT_TARGET = 8.0;
				LD_RUNPATH_SEARCH_PATHS = "$(inherited) @executable_path/Frameworks";
				PRODUCT_BUNDLE_IDENTIFIER = com.huazai.IOSAPPFramework;
				PRODUCT_NAME = "$(TARGET_NAME)";
				PROVISIONING_PROFILE = "";
			};
			name = Debug;
		};
		530586AB1CED5A2F00D7D8E6 /* Release */ = {
			isa = XCBuildConfiguration;
			buildSettings = {
				ASSETCATALOG_COMPILER_APPICON_NAME = AppIcon;
				CODE_SIGN_IDENTITY = "iPhone Developer";
				"CODE_SIGN_IDENTITY[sdk=iphoneos*]" = "iPhone Developer";
				GCC_PREFIX_HEADER = "$(SRCROOT)/IOSAPPFramework/config/IOSAPPFramework.pch";
				INFOPLIST_FILE = IOSAPPFramework/Info.plist;
				IPHONEOS_DEPLOYMENT_TARGET = 8.0;
				LD_RUNPATH_SEARCH_PATHS = "$(inherited) @executable_path/Frameworks";
				PRODUCT_BUNDLE_IDENTIFIER = com.huazai.IOSAPPFramework;
				PRODUCT_NAME = "$(TARGET_NAME)";
				PROVISIONING_PROFILE = "";
			};
			name = Release;
		};
/* End XCBuildConfiguration section */

/* Begin XCConfigurationList section */
		5305868A1CED5A2F00D7D8E6 /* Build configuration list for PBXProject "IOSAPPFramework" */ = {
			isa = XCConfigurationList;
			buildConfigurations = (
				530586A71CED5A2F00D7D8E6 /* Debug */,
				530586A81CED5A2F00D7D8E6 /* Release */,
			);
			defaultConfigurationIsVisible = 0;
			defaultConfigurationName = Release;
		};
		530586A91CED5A2F00D7D8E6 /* Build configuration list for PBXNativeTarget "IOSAPPFramework" */ = {
			isa = XCConfigurationList;
			buildConfigurations = (
				530586AA1CED5A2F00D7D8E6 /* Debug */,
				530586AB1CED5A2F00D7D8E6 /* Release */,
			);
			defaultConfigurationIsVisible = 0;
			defaultConfigurationName = Release;
		};
/* End XCConfigurationList section */

/* Begin XCVersionGroup section */
		5305869E1CED5A2F00D7D8E6 /* IOSAPPFramework.xcdatamodeld */ = {
			isa = XCVersionGroup;
			children = (
				5305869F1CED5A2F00D7D8E6 /* IOSAPPFramework.xcdatamodel */,
			);
			currentVersion = 5305869F1CED5A2F00D7D8E6 /* IOSAPPFramework.xcdatamodel */;
			path = IOSAPPFramework.xcdatamodeld;
			sourceTree = "<group>";
			versionGroupType = wrapper.xcdatamodel;
		};
/* End XCVersionGroup section */
	};
	rootObject = 530586871CED5A2F00D7D8E6 /* Project object */;
}
